
Microsoft Visual Studio Solution File, Format Version 12.00
# Visual Studio Version 17
VisualStudioVersion = 17.4.33205.214
MinimumVisualStudioVersion = 10.0.40219.1
Project("{9A19103F-16F7-4668-BE54-9A1E7A4F7556}") = "HKW.TOML", "HKW.TOML\HKW.TOML.csproj", "{173EEC8C-4584-48C2-959A-085D636B7E1B}"
EndProject
Project("{FAE04EC0-301F-11D3-BF4B-00C04F79EFBC}") = "HKW.TOMLBenchmark", "HKW.TOMLBenchmarkData\HKW.TOMLBenchmark.csproj", "{FDC31974-C710-4ABA-B167-2CF3237305F6}"
EndProject
Project("{FAE04EC0-301F-11D3-BF4B-00C04F79EFBC}") = "HKW.TOMLTests", "HKW.TOMLTests\HKW.TOMLTests.csproj", "{2F1CF928-5AE4-44DB-9945-4364AF6A3AFF}"
EndProject
Global
	GlobalSection(SolutionConfigurationPlatforms) = preSolution
		Debug|Any CPU = Debug|Any CPU
		Release|Any CPU = Release|Any CPU
	EndGlobalSection
	GlobalSection(ProjectConfigurationPlatforms) = postSolution
		{173EEC8C-4584-48C2-959A-085D636B7E1B}.Debug|Any CPU.ActiveCfg = Debug|Any CPU
		{173EEC8C-4584-48C2-959A-085D636B7E1B}.Debug|Any CPU.Build.0 = Debug|Any CPU
		{173EEC8C-4584-48C2-959A-085D636B7E1B}.Release|Any CPU.ActiveCfg = Release|Any CPU
		{173EEC8C-4584-48C2-959A-085D636B7E1B}.Release|Any CPU.Build.0 = Release|Any CPU
		{FDC31974-C710-4ABA-B167-2CF3237305F6}.Debug|Any CPU.ActiveCfg = Debug|Any CPU
		{FDC31974-C710-4ABA-B167-2CF3237305F6}.Debug|Any CPU.Build.0 = Debug|Any CPU
		{FDC31974-C710-4ABA-B167-2CF3237305F6}.Release|Any CPU.ActiveCfg = Release|Any CPU
		{FDC31974-C710-4ABA-B167-2CF3237305F6}.Release|Any CPU.Build.0 = Release|Any CPU
		{2F1CF928-5AE4-44DB-9945-4364AF6A3AFF}.Debug|Any CPU.ActiveCfg = Debug|Any CPU
		{2F1CF928-5AE4-44DB-9945-4364AF6A3AFF}.Debug|Any CPU.Build.0 = Debug|Any CPU
		{2F1CF928-5AE4-44DB-9945-4364AF6A3AFF}.Release|Any CPU.ActiveCfg = Release|Any CPU
		{2F1CF928-5AE4-44DB-9945-4364AF6A3AFF}.Release|Any CPU.Build.0 = Release|Any CPU
	EndGlobalSection
	GlobalSection(SolutionProperties) = preSolution
		HideSolutionNode = FALSE
	EndGlobalSection
	GlobalSection(ExtensibilityGlobals) = postSolution
		SolutionGuid = {FB05DB69-44F2-47E4-A697-43684C3D86A3}
	EndGlobalSection
EndGlobal
